// !$*UTF8*$!
{
	archiveVersion = 1;
	classes = {
	};
	objectVersion = 50;
	objects = {

/* Begin PBXBuildFile section */
		DC07A9CE2726C4C800DD7261 /* String+Extension.swift in Sources */ = {isa = PBXBuildFile; fileRef = DC07A9CD2726C4C800DD7261 /* String+Extension.swift */; };
		DC07A9D12726FF5700DD7261 /* Animal.swift in Sources */ = {isa = PBXBuildFile; fileRef = DC07A9D02726FF5700DD7261 /* Animal.swift */; };
		DCE440B12718176C0004DE4C /* AppDelegate.swift in Sources */ = {isa = PBXBuildFile; fileRef = DCE440B02718176C0004DE4C /* AppDelegate.swift */; };
		DCE440B32718176C0004DE4C /* SceneDelegate.swift in Sources */ = {isa = PBXBuildFile; fileRef = DCE440B22718176C0004DE4C /* SceneDelegate.swift */; };
		DCE440B52718176C0004DE4C /* ContentView.swift in Sources */ = {isa = PBXBuildFile; fileRef = DCE440B42718176C0004DE4C /* ContentView.swift */; };
		DCE440B72718176D0004DE4C /* Assets.xcassets in Resources */ = {isa = PBXBuildFile; fileRef = DCE440B62718176D0004DE4C /* Assets.xcassets */; };
		DCE440BA2718176D0004DE4C /* Preview Assets.xcassets in Resources */ = {isa = PBXBuildFile; fileRef = DCE440B92718176D0004DE4C /* Preview Assets.xcassets */; };
		DCE440BD2718176D0004DE4C /* LaunchScreen.storyboard in Resources */ = {isa = PBXBuildFile; fileRef = DCE440BB2718176D0004DE4C /* LaunchScreen.storyboard */; };
/* End PBXBuildFile section */

/* Begin PBXFileReference section */
		DC07A9CD2726C4C800DD7261 /* String+Extension.swift */ = {isa = PBXFileReference; lastKnownFileType = sourcecode.swift; path = "String+Extension.swift"; sourceTree = "<group>"; };
		DC07A9D02726FF5700DD7261 /* Animal.swift */ = {isa = PBXFileReference; lastKnownFileType = sourcecode.swift; path = Animal.swift; sourceTree = "<group>"; };
		DCE440AD2718176C0004DE4C /* SayMyName.app */ = {isa = PBXFileReference; explicitFileType = wrapper.application; includeInIndex = 0; path = SayMyName.app; sourceTree = BUILT_PRODUCTS_DIR; };
		DCE440B02718176C0004DE4C /* AppDelegate.swift */ = {isa = PBXFileReference; lastKnownFileType = sourcecode.swift; path = AppDelegate.swift; sourceTree = "<group>"; };
		DCE440B22718176C0004DE4C /* SceneDelegate.swift */ = {isa = PBXFileReference; lastKnownFileType = sourcecode.swift; path = SceneDelegate.swift; sourceTree = "<group>"; };
		DCE440B42718176C0004DE4C /* ContentView.swift */ = {isa = PBXFileReference; lastKnownFileType = sourcecode.swift; path = ContentView.swift; sourceTree = "<group>"; };
		DCE440B62718176D0004DE4C /* Assets.xcassets */ = {isa = PBXFileReference; lastKnownFileType = folder.assetcatalog; path = Assets.xcassets; sourceTree = "<group>"; };
		DCE440B92718176D0004DE4C /* Preview Assets.xcassets */ = {isa = PBXFileReference; lastKnownFileType = folder.assetcatalog; path = "Preview Assets.xcassets"; sourceTree = "<group>"; };
		DCE440BC2718176D0004DE4C /* Base */ = {isa = PBXFileReference; lastKnownFileType = file.storyboard; name = Base; path = Base.lproj/LaunchScreen.storyboard; sourceTree = "<group>"; };
		DCE440BE2718176D0004DE4C /* Info.plist */ = {isa = PBXFileReference; lastKnownFileType = text.plist.xml; path = Info.plist; sourceTree = "<group>"; };
/* End PBXFileReference section */

/* Begin PBXFrameworksBuildPhase section */
		DCE440AA2718176C0004DE4C /* Frameworks */ = {
			isa = PBXFrameworksBuildPhase;
			buildActionMask = 2147483647;
			files = (
			);
			runOnlyForDeploymentPostprocessing = 0;
		};
/* End PBXFrameworksBuildPhase section */

/* Begin PBXGroup section */
		DCE440A42718176C0004DE4C = {
			isa = PBXGroup;
			children = (
				DCE440AF2718176C0004DE4C /* SayMyName */,
				DCE440AE2718176C0004DE4C /* Products */,
			);
			sourceTree = "<group>";
		};
		DCE440AE2718176C0004DE4C /* Products */ = {
			isa = PBXGroup;
			children = (
				DCE440AD2718176C0004DE4C /* SayMyName.app */,
			);
			name = Products;
			sourceTree = "<group>";
		};
		DCE440AF2718176C0004DE4C /* SayMyName */ = {
			isa = PBXGroup;
			children = (
				DCE440B02718176C0004DE4C /* AppDelegate.swift */,
				DCE440B22718176C0004DE4C /* SceneDelegate.swift */,
				DCE440B42718176C0004DE4C /* ContentView.swift */,
				DC07A9D02726FF5700DD7261 /* Animal.swift */,
				DC07A9CD2726C4C800DD7261 /* String+Extension.swift */,
				DCE440B62718176D0004DE4C /* Assets.xcassets */,
				DCE440BB2718176D0004DE4C /* LaunchScreen.storyboard */,
				DCE440BE2718176D0004DE4C /* Info.plist */,
				DCE440B82718176D0004DE4C /* Preview Content */,
			);
			path = SayMyName;
			sourceTree = "<group>";
		};
		DCE440B82718176D0004DE4C /* Preview Content */ = {
			isa = PBXGroup;
			children = (
				DCE440B92718176D0004DE4C /* Preview Assets.xcassets */,
			);
			path = "Preview Content";
			sourceTree = "<group>";
		};
/* End PBXGroup section */

/* Begin PBXNativeTarget section */
		DCE440AC2718176C0004DE4C /* SayMyName */ = {
			isa = PBXNativeTarget;
			buildConfigurationList = DCE440C12718176D0004DE4C /* Build configuration list for PBXNativeTarget "SayMyName" */;
			buildPhases = (
				DCE440A92718176C0004DE4C /* Sources */,
				DCE440AA2718176C0004DE4C /* Frameworks */,
				DCE440AB2718176C0004DE4C /* Resources */,
			);
			buildRules = (
			);
			dependencies = (
			);
			name = SayMyName;
			productName = SayMyName;
			productReference = DCE440AD2718176C0004DE4C /* SayMyName.app */;
			productType = "com.apple.product-type.application";
		};
/* End PBXNativeTarget section */

/* Begin PBXProject section */
		DCE440A52718176C0004DE4C /* Project object */ = {
			isa = PBXProject;
			attributes = {
				LastSwiftUpdateCheck = 1240;
				LastUpgradeCheck = 1240;
				TargetAttributes = {
					DCE440AC2718176C0004DE4C = {
						CreatedOnToolsVersion = 12.4;
					};
				};
			};
			buildConfigurationList = DCE440A82718176C0004DE4C /* Build configuration list for PBXProject "SayMyName" */;
			compatibilityVersion = "Xcode 9.3";
			developmentRegion = en;
			hasScannedForEncodings = 0;
			knownRegions = (
				en,
				Base,
			);
			mainGroup = DCE440A42718176C0004DE4C;
			productRefGroup = DCE440AE2718176C0004DE4C /* Products */;
			projectDirPath = "";
			projectRoot = "";
			targets = (
				DCE440AC2718176C0004DE4C /* SayMyName */,
			);
		};
/* End PBXProject section */

/* Begin PBXResourcesBuildPhase section */
		DCE440AB2718176C0004DE4C /* Resources */ = {
			isa = PBXResourcesBuildPhase;
			buildActionMask = 2147483647;
			files = (
				DCE440BD2718176D0004DE4C /* LaunchScreen.storyboard in Resources */,
				DCE440BA2718176D0004DE4C /* Preview Assets.xcassets in Resources */,
				DCE440B72718176D0004DE4C /* Assets.xcassets in Resources */,
			);
			runOnlyForDeploymentPostprocessing = 0;
		};
/* End PBXResourcesBuildPhase section */

/* Begin PBXSourcesBuildPhase section */
		DCE440A92718176C0004DE4C /* Sources */ = {
			isa = PBXSourcesBuildPhase;
			buildActionMask = 2147483647;
			files = (
				DC07A9D12726FF5700DD7261 /* Animal.swift in Sources */,
				DC07A9CE2726C4C800DD7261 /* String+Extension.swift in Sources */,
				DCE440B12718176C0004DE4C /* AppDelegate.swift in Sources */,
				DCE440B32718176C0004DE4C /* SceneDelegate.swift in Sources */,
				DCE440B52718176C0004DE4C /* ContentView.swift in Sources */,
			);
			runOnlyForDeploymentPostprocessing = 0;
		};
/* End PBXSourcesBuildPhase section */

/* Begin PBXVariantGroup section */
		DCE440BB2718176D0004DE4C /* LaunchScreen.storyboard */ = {
			isa = PBXVariantGroup;
			children = (
				DCE440BC2718176D0004DE4C /* Base */,
			);
			name = LaunchScreen.storyboard;
			sourceTree = "<group>";
		};
/* End PBXVariantGroup section */

/* Begin XCBuildConfiguration section */
		DCE440BF2718176D0004DE4C /* Debug */ = {
			isa = XCBuildConfiguration;
			buildSettings = {
				ALWAYS_SEARCH_USER_PATHS = NO;
				CLANG_ANALYZER_NONNULL = YES;
				CLANG_ANALYZER_NUMBER_OBJECT_CONVERSION = YES_AGGRESSIVE;
				CLANG_CXX_LANGUAGE_STANDARD = "gnu++14";
				CLANG_CXX_LIBRARY = "libc++";
				CLANG_ENABLE_MODULES = YES;
				CLANG_ENABLE_OBJC_ARC = YES;
				CLANG_ENABLE_OBJC_WEAK = YES;
				CLANG_WARN_BLOCK_CAPTURE_AUTORELEASING = YES;
				CLANG_WARN_BOOL_CONVERSION = YES;
				CLANG_WARN_COMMA = YES;
				CLANG_WARN_CONSTANT_CONVERSION = YES;
				CLANG_WARN_DEPRECATED_OBJC_IMPLEMENTATIONS = YES;
				CLANG_WARN_DIRECT_OBJC_ISA_USAGE = YES_ERROR;
				CLANG_WARN_DOCUMENTATION_COMMENTS = YES;
				CLANG_WARN_EMPTY_BODY = YES;
				CLANG_WARN_ENUM_CONVERSION = YES;
				CLANG_WARN_INFINITE_RECURSION = YES;
				CLANG_WARN_INT_CONVERSION = YES;
				CLANG_WARN_NON_LITERAL_NULL_CONVERSION = YES;
				CLANG_WARN_OBJC_IMPLICIT_RETAIN_SELF = YES;
				CLANG_WARN_OBJC_LITERAL_CONVERSION = YES;
				CLANG_WARN_OBJC_ROOT_CLASS = YES_ERROR;
				CLANG_WARN_QUOTED_INCLUDE_IN_FRAMEWORK_HEADER = YES;
				CLANG_WARN_RANGE_LOOP_ANALYSIS = YES;
				CLANG_WARN_STRICT_PROTOTYPES = YES;
				CLANG_WARN_SUSPICIOUS_MOVE = YES;
				CLANG_WARN_UNGUARDED_AVAILABILITY = YES_AGGRESSIVE;
				CLANG_WARN_UNREACHABLE_CODE = YES;
				CLANG_WARN__DUPLICATE_METHOD_MATCH = YES;
				COPY_PHASE_STRIP = NO;
				DEBUG_INFORMATION_FORMAT = dwarf;
				ENABLE_STRICT_OBJC_MSGSEND = YES;
				ENABLE_TESTABILITY = YES;
				GCC_C_LANGUAGE_STANDARD = gnu11;
				GCC_DYNAMIC_NO_PIC = NO;
				GCC_NO_COMMON_BLOCKS = YES;
				GCC_OPTIMIZATION_LEVEL = 0;
				GCC_PREPROCESSOR_DEFINITIONS = (
					"DEBUG=1",
					"$(inherited)",
				);
				GCC_WARN_64_TO_32_BIT_CONVERSION = YES;
				GCC_WARN_ABOUT_RETURN_TYPE = YES_ERROR;
				GCC_WARN_UNDECLARED_SELECTOR = YES;
				GCC_WARN_UNINITIALIZED_AUTOS = YES_AGGRESSIVE;
				GCC_WARN_UNUSED_FUNCTION = YES;
				GCC_WARN_UNUSED_VARIABLE = YES;
				IPHONEOS_DEPLOYMENT_TARGET = 14.4;
				MTL_ENABLE_DEBUG_INFO = INCLUDE_SOURCE;
				MTL_FAST_MATH = YES;
				ONLY_ACTIVE_ARCH = YES;
				SDKROOT = iphoneos;
				SWIFT_ACTIVE_COMPILATION_CONDITIONS = DEBUG;
				SWIFT_OPTIMIZATION_LEVEL = "-Onone";
			};
			name = Debug;
		};
		DCE440C02718176D0004DE4C /* Release */ = {
			isa = XCBuildConfiguration;
			buildSettings = {
				ALWAYS_SEARCH_USER_PATHS = NO;
				CLANG_ANALYZER_NONNULL = YES;
				CLANG_ANALYZER_NUMBER_OBJECT_CONVERSION = YES_AGGRESSIVE;
				CLANG_CXX_LANGUAGE_STANDARD = "gnu++14";
				CLANG_CXX_LIBRARY = "libc++";
				CLANG_ENABLE_MODULES = YES;
				CLANG_ENABLE_OBJC_ARC = YES;
				CLANG_ENABLE_OBJC_WEAK = YES;
				CLANG_WARN_BLOCK_CAPTURE_AUTORELEASING = YES;
				CLANG_WARN_BOOL_CONVERSION = YES;
				CLANG_WARN_COMMA = YES;
				CLANG_WARN_CONSTANT_CONVERSION = YES;
				CLANG_WARN_DEPRECATED_OBJC_IMPLEMENTATIONS = YES;
				CLANG_WARN_DIRECT_OBJC_ISA_USAGE = YES_ERROR;
				CLANG_WARN_DOCUMENTATION_COMMENTS = YES;
				CLANG_WARN_EMPTY_BODY = YES;
				CLANG_WARN_ENUM_CONVERSION = YES;
				CLANG_WARN_INFINITE_RECURSION = YES;
				CLANG_WARN_INT_CONVERSION = YES;
				CLANG_WARN_NON_LITERAL_NULL_CONVERSION = YES;
				CLANG_WARN_OBJC_IMPLICIT_RETAIN_SELF = YES;
				CLANG_WARN_OBJC_LITERAL_CONVERSION = YES;
				CLANG_WARN_OBJC_ROOT_CLASS = YES_ERROR;
				CLANG_WARN_QUOTED_INCLUDE_IN_FRAMEWORK_HEADER = YES;
				CLANG_WARN_RANGE_LOOP_ANALYSIS = YES;
				CLANG_WARN_STRICT_PROTOTYPES = YES;
				CLANG_WARN_SUSPICIOUS_MOVE = YES;
				CLANG_WARN_UNGUARDED_AVAILABILITY = YES_AGGRESSIVE;
				CLANG_WARN_UNREACHABLE_CODE = YES;
				CLANG_WARN__DUPLICATE_METHOD_MATCH = YES;
				COPY_PHASE_STRIP = NO;
				DEBUG_INFORMATION_FORMAT = "dwarf-with-dsym";
				ENABLE_NS_ASSERTIONS = NO;
				ENABLE_STRICT_OBJC_MSGSEND = YES;
				GCC_C_LANGUAGE_STANDARD = gnu11;
				GCC_NO_COMMON_BLOCKS = YES;
				GCC_WARN_64_TO_32_BIT_CONVERSION = YES;
				GCC_WARN_ABOUT_RETURN_TYPE = YES_ERROR;
				GCC_WARN_UNDECLARED_SELECTOR = YES;
				GCC_WARN_UNINITIALIZED_AUTOS = YES_AGGRESSIVE;
				GCC_WARN_UNUSED_FUNCTION = YES;
				GCC_WARN_UNUSED_VARIABLE = YES;
				IPHONEOS_DEPLOYMENT_TARGET = 14.4;
				MTL_ENABLE_DEBUG_INFO = NO;
				MTL_FAST_MATH = YES;
				SDKROOT = iphoneos;
				SWIFT_COMPILATION_MODE = wholemodule;
				SWIFT_OPTIMIZATION_LEVEL = "-O";
				VALIDATE_PRODUCT = YES;
			};
			name = Release;
		};
		DCE440C22718176D0004DE4C /* Debug */ = {
			isa = XCBuildConfiguration;
			buildSettings = {
				ASSETCATALOG_COMPILER_APPICON_NAME = AppIcon;
				ASSETCATALOG_COMPILER_GLOBAL_ACCENT_COLOR_NAME = AccentColor;
				CODE_SIGN_STYLE = Automatic;
				DEVELOPMENT_ASSET_PATHS = "\"SayMyName/Preview Content\"";
				DEVELOPMENT_TEAM = NB284X4432;
				ENABLE_PREVIEWS = YES;
				INFOPLIST_FILE = SayMyName/Info.plist;
				IPHONEOS_DEPLOYMENT_TARGET = 14.4;
				LD_RUNPATH_SEARCH_PATHS = (
					"$(inherited)",
					"@executable_path/Frameworks",
				);
				PRODUCT_BUNDLE_IDENTIFIER = com.brothersoft.SayMyName;
				PRODUCT_NAME = "$(TARGET_NAME)";
				SWIFT_VERSION = 5.0;
				TARGETED_DEVICE_FAMILY = "1,2";
			};
			name = Debug;
		};
		DCE440C32718176D0004DE4C /* Release */ = {
			isa = XCBuildConfiguration;
			buildSettings = {
				ASSETCATALOG_COMPILER_APPICON_NAME = AppIcon;
				ASSETCATALOG_COMPILER_GLOBAL_ACCENT_COLOR_NAME = AccentColor;
				CODE_SIGN_STYLE = Automatic;
				DEVELOPMENT_ASSET_PATHS = "\"SayMyName/Preview Content\"";
				DEVELOPMENT_TEAM = NB284X4432;
				ENABLE_PREVIEWS = YES;
				INFOPLIST_FILE = SayMyName/Info.plist;
				IPHONEOS_DEPLOYMENT_TARGET = 14.4;
				LD_RUNPATH_SEARCH_PATHS = (
					"$(inherited)",
					"@executable_path/Frameworks",
				);
				PRODUCT_BUNDLE_IDENTIFIER = com.brothersoft.SayMyName;
				PRODUCT_NAME = "$(TARGET_NAME)";
				SWIFT_VERSION = 5.0;
				TARGETED_DEVICE_FAMILY = "1,2";
			};
			name = Release;
		};
/* End XCBuildConfiguration section */

/* Begin XCConfigurationList section */
		DCE440A82718176C0004DE4C /* Build configuration list for PBXProject "SayMyName" */ = {
			isa = XCConfigurationList;
			buildConfigurations = (
				DCE440BF2718176D0004DE4C /* Debug */,
				DCE440C02718176D0004DE4C /* Release */,
			);
			defaultConfigurationIsVisible = 0;
			defaultConfigurationName = Release;
		};
		DCE440C12718176D0004DE4C /* Build configuration list for PBXNativeTarget "SayMyName" */ = {
			isa = XCConfigurationList;
			buildConfigurations = (
				DCE440C22718176D0004DE4C /* Debug */,
				DCE440C32718176D0004DE4C /* Release */,
			);
			defaultConfigurationIsVisible = 0;
			defaultConfigurationName = Release;
		};
/* End XCConfigurationList section */
	};
	rootObject = DCE440A52718176C0004DE4C /* Project object */;
}
